
Microsoft Visual Studio Solution File, Format Version 12.00
# Visual Studio Version 17
VisualStudioVersion = 17.10.35013.160
MinimumVisualStudioVersion = 10.0.40219.1
Project("{8BC9CEB8-8B4A-11D0-8D11-00A0C91BC942}") = "Multi-Chat_Server", "Multi-Chat_Server.vcxproj", "{28ED9E5A-B33B-46C1-8020-2AEF7813544A}"
EndProject
Global
	GlobalSection(SolutionConfigurationPlatforms) = preSolution
		Debug|x64 = Debug|x64
		Debug|x86 = Debug|x86
		Release|x64 = Release|x64
		Release|x86 = Release|x86
	EndGlobalSection
	GlobalSection(ProjectConfigurationPlatforms) = postSolution
		{28ED9E5A-B33B-46C1-8020-2AEF7813544A}.Debug|x64.ActiveCfg = Debug|x64
		{28ED9E5A-B33B-46C1-8020-2AEF7813544A}.Debug|x64.Build.0 = Debug|x64
		{28ED9E5A-B33B-46C1-8020-2AEF7813544A}.Debug|x86.ActiveCfg = Debug|Win32
		{28ED9E5A-B33B-46C1-8020-2AEF7813544A}.Debug|x86.Build.0 = Debug|Win32
		{28ED9E5A-B33B-46C1-8020-2AEF7813544A}.Release|x64.ActiveCfg = Release|x64
		{28ED9E5A-B33B-46C1-8020-2AEF7813544A}.Release|x64.Build.0 = Release|x64
		{28ED9E5A-B33B-46C1-8020-2AEF7813544A}.Release|x86.ActiveCfg = Release|Win32
		{28ED9E5A-B33B-46C1-8020-2AEF7813544A}.Release|x86.Build.0 = Release|Win32
	EndGlobalSection
	GlobalSection(SolutionProperties) = preSolution
		HideSolutionNode = FALSE
	EndGlobalSection
	GlobalSection(ExtensibilityGlobals) = postSolution
		SolutionGuid = {E86DE8B3-9D7E-4FC4-A3F5-1E73FA7C9999}
	EndGlobalSection
EndGlobal
